
Microsoft Visual Studio Solution File, Format Version 12.00
# Visual Studio Version 16
VisualStudioVersion = 16.0.31515.178
MinimumVisualStudioVersion = 10.0.40219.1
Project("{9A19103F-16F7-4668-BE54-9A1E7A4F7556}") = "JungleSafari.Api", "JungleSafari.Api\JungleSafari.Api.csproj", "{FF897FFD-AE07-40CB-BF08-FC8E28D1113D}"
EndProject
Project("{9A19103F-16F7-4668-BE54-9A1E7A4F7556}") = "Jungle.Repos", "Jungle.Repos\Jungle.Repos.csproj", "{64633C9C-6EA9-4890-8A9A-C6B055264A8A}"
EndProject
Project("{9A19103F-16F7-4668-BE54-9A1E7A4F7556}") = "Jungle.Entities", "Jungle.Entities\Jungle.Entities.csproj", "{DF68A636-9372-4C5F-9970-44D2962283FB}"
EndProject
Project("{9A19103F-16F7-4668-BE54-9A1E7A4F7556}") = "Jungle.Exceptions", "Jungle.Exceptions\Jungle.Exceptions.csproj", "{A8C6CAB4-4A4C-499B-81FD-45ECEEC939D8}"
EndProject
Project("{9A19103F-16F7-4668-BE54-9A1E7A4F7556}") = "Jungle.MVC.Api", "Jungle.MVC.Api\Jungle.MVC.Api.csproj", "{0FB39E5A-9BAB-4549-B139-AE4277779BB7}"
EndProject
Project("{FAE04EC0-301F-11D3-BF4B-00C04F79EFBC}") = "JungleSafari_TestUnit", "JungleSafari_TestUnit\JungleSafari_TestUnit.csproj", "{B1345F96-7E7B-45E8-BBFF-FFF30CDA1B91}"
EndProject
Global
	GlobalSection(SolutionConfigurationPlatforms) = preSolution
		Debug|Any CPU = Debug|Any CPU
		Release|Any CPU = Release|Any CPU
	EndGlobalSection
	GlobalSection(ProjectConfigurationPlatforms) = postSolution
		{FF897FFD-AE07-40CB-BF08-FC8E28D1113D}.Debug|Any CPU.ActiveCfg = Debug|Any CPU
		{FF897FFD-AE07-40CB-BF08-FC8E28D1113D}.Debug|Any CPU.Build.0 = Debug|Any CPU
		{FF897FFD-AE07-40CB-BF08-FC8E28D1113D}.Release|Any CPU.ActiveCfg = Release|Any CPU
		{FF897FFD-AE07-40CB-BF08-FC8E28D1113D}.Release|Any CPU.Build.0 = Release|Any CPU
		{64633C9C-6EA9-4890-8A9A-C6B055264A8A}.Debug|Any CPU.ActiveCfg = Debug|Any CPU
		{64633C9C-6EA9-4890-8A9A-C6B055264A8A}.Debug|Any CPU.Build.0 = Debug|Any CPU
		{64633C9C-6EA9-4890-8A9A-C6B055264A8A}.Release|Any CPU.ActiveCfg = Release|Any CPU
		{64633C9C-6EA9-4890-8A9A-C6B055264A8A}.Release|Any CPU.Build.0 = Release|Any CPU
		{DF68A636-9372-4C5F-9970-44D2962283FB}.Debug|Any CPU.ActiveCfg = Debug|Any CPU
		{DF68A636-9372-4C5F-9970-44D2962283FB}.Debug|Any CPU.Build.0 = Debug|Any CPU
		{DF68A636-9372-4C5F-9970-44D2962283FB}.Release|Any CPU.ActiveCfg = Release|Any CPU
		{DF68A636-9372-4C5F-9970-44D2962283FB}.Release|Any CPU.Build.0 = Release|Any CPU
		{A8C6CAB4-4A4C-499B-81FD-45ECEEC939D8}.Debug|Any CPU.ActiveCfg = Debug|Any CPU
		{A8C6CAB4-4A4C-499B-81FD-45ECEEC939D8}.Debug|Any CPU.Build.0 = Debug|Any CPU
		{A8C6CAB4-4A4C-499B-81FD-45ECEEC939D8}.Release|Any CPU.ActiveCfg = Release|Any CPU
		{A8C6CAB4-4A4C-499B-81FD-45ECEEC939D8}.Release|Any CPU.Build.0 = Release|Any CPU
		{0FB39E5A-9BAB-4549-B139-AE4277779BB7}.Debug|Any CPU.ActiveCfg = Debug|Any CPU
		{0FB39E5A-9BAB-4549-B139-AE4277779BB7}.Debug|Any CPU.Build.0 = Debug|Any CPU
		{0FB39E5A-9BAB-4549-B139-AE4277779BB7}.Release|Any CPU.ActiveCfg = Release|Any CPU
		{0FB39E5A-9BAB-4549-B139-AE4277779BB7}.Release|Any CPU.Build.0 = Release|Any CPU
		{B1345F96-7E7B-45E8-BBFF-FFF30CDA1B91}.Debug|Any CPU.ActiveCfg = Debug|Any CPU
		{B1345F96-7E7B-45E8-BBFF-FFF30CDA1B91}.Debug|Any CPU.Build.0 = Debug|Any CPU
		{B1345F96-7E7B-45E8-BBFF-FFF30CDA1B91}.Release|Any CPU.ActiveCfg = Release|Any CPU
		{B1345F96-7E7B-45E8-BBFF-FFF30CDA1B91}.Release|Any CPU.Build.0 = Release|Any CPU
	EndGlobalSection
	GlobalSection(SolutionProperties) = preSolution
		HideSolutionNode = FALSE
	EndGlobalSection
	GlobalSection(ExtensibilityGlobals) = postSolution
		SolutionGuid = {2BD0A04E-A5F1-4827-A6BD-34A808B1F6B4}
	EndGlobalSection
EndGlobal
